
Microsoft Visual Studio Solution File, Format Version 12.00
# Visual Studio Version 16
VisualStudioVersion = 16.0.32407.337
MinimumVisualStudioVersion = 10.0.40219.1
Project("{FAE04EC0-301F-11D3-BF4B-00C04F79EFBC}") = "WPF_Demo", "WPF_Demo\WPF_Demo.csproj", "{1E8D622B-8ACF-416A-8F2C-5284420D3E78}"
EndProject
Global
	GlobalSection(SolutionConfigurationPlatforms) = preSolution
		Debug|Any CPU = Debug|Any CPU
		Release|Any CPU = Release|Any CPU
	EndGlobalSection
	GlobalSection(ProjectConfigurationPlatforms) = postSolution
		{1E8D622B-8ACF-416A-8F2C-5284420D3E78}.Debug|Any CPU.ActiveCfg = Debug|Any CPU
		{1E8D622B-8ACF-416A-8F2C-5284420D3E78}.Debug|Any CPU.Build.0 = Debug|Any CPU
		{1E8D622B-8ACF-416A-8F2C-5284420D3E78}.Release|Any CPU.ActiveCfg = Release|Any CPU
		{1E8D622B-8ACF-416A-8F2C-5284420D3E78}.Release|Any CPU.Build.0 = Release|Any CPU
	EndGlobalSection
	GlobalSection(SolutionProperties) = preSolution
		HideSolutionNode = FALSE
	EndGlobalSection
	GlobalSection(ExtensibilityGlobals) = postSolution
		SolutionGuid = {5AB8F21B-1D44-49C3-B6A0-0B4D78FE0AA0}
	EndGlobalSection
EndGlobal
